
Microsoft Visual Studio Solution File, Format Version 12.00
# Visual Studio Version 17
VisualStudioVersion = 17.13.36105.23
MinimumVisualStudioVersion = 10.0.40219.1
Project("{2150E333-8FDC-42A3-9474-1A3956D46DE8}") = "Application", "Application", "{BBC2ECBA-84CC-46BD-BE37-AF14BA0896AB}"
EndProject
Project("{2150E333-8FDC-42A3-9474-1A3956D46DE8}") = "Infrastructure", "Infrastructure", "{20AB8AB2-1A5C-4473-B1FC-E7C51D1BC201}"
EndProject
Project("{2150E333-8FDC-42A3-9474-1A3956D46DE8}") = "Domain", "Domain", "{AE73A5E9-0CDF-4E9D-B8FE-8F1AAB44B7B5}"
EndProject
Project("{2150E333-8FDC-42A3-9474-1A3956D46DE8}") = "Client", "Client", "{5E69A515-9AFC-485C-B032-1A847B363243}"
EndProject
Project("{54A90642-561A-4BB1-A94E-469ADEE60C69}") = "webapp.client", "Client\webapp.client\webapp.client.esproj", "{43BD4B97-0D09-F2F9-AB42-F44BF4AEDF5F}"
EndProject
Project("{FAE04EC0-301F-11D3-BF4B-00C04F79EFBC}") = "WebApp.Server", "Client\WebApp.Server\WebApp.Server.csproj", "{77BF5170-A1D6-41B2-96F9-E41367CD5158}"
EndProject
Project("{FAE04EC0-301F-11D3-BF4B-00C04F79EFBC}") = "WebApp.Application", "API\WebApp.Application\WebApp.Application.csproj", "{00C27E4E-E0FB-077D-9D17-F1625ABF0D2B}"
EndProject
Project("{FAE04EC0-301F-11D3-BF4B-00C04F79EFBC}") = "WebApp.Domain", "API\WebApp.Domain\WebApp.Domain.csproj", "{29800776-4F76-66BF-EC93-59E840AFDCEC}"
EndProject
Project("{FAE04EC0-301F-11D3-BF4B-00C04F79EFBC}") = "WebApp.Infrastructure", "API\WebApp.Infrastructure\WebApp.Infrastructure.csproj", "{1BF4EF14-C3E6-B483-0EDE-ED95A92A1027}"
EndProject
Project("{2150E333-8FDC-42A3-9474-1A3956D46DE8}") = "API", "API", "{02EA681E-C7D8-13C7-8484-4AC65E1B71E8}"
EndProject
Project("{FAE04EC0-301F-11D3-BF4B-00C04F79EFBC}") = "WebApp.API", "API\WebApp.API\WebApp.API.csproj", "{FE7FFDA5-3483-BB10-46AD-6B24BAD97F6C}"
EndProject
Global
	GlobalSection(SolutionConfigurationPlatforms) = preSolution
		Debug|Any CPU = Debug|Any CPU
		Release|Any CPU = Release|Any CPU
	EndGlobalSection
	GlobalSection(ProjectConfigurationPlatforms) = postSolution
		{43BD4B97-0D09-F2F9-AB42-F44BF4AEDF5F}.Debug|Any CPU.ActiveCfg = Debug|Any CPU
		{43BD4B97-0D09-F2F9-AB42-F44BF4AEDF5F}.Debug|Any CPU.Build.0 = Debug|Any CPU
		{43BD4B97-0D09-F2F9-AB42-F44BF4AEDF5F}.Debug|Any CPU.Deploy.0 = Debug|Any CPU
		{43BD4B97-0D09-F2F9-AB42-F44BF4AEDF5F}.Release|Any CPU.ActiveCfg = Release|Any CPU
		{43BD4B97-0D09-F2F9-AB42-F44BF4AEDF5F}.Release|Any CPU.Build.0 = Release|Any CPU
		{43BD4B97-0D09-F2F9-AB42-F44BF4AEDF5F}.Release|Any CPU.Deploy.0 = Release|Any CPU
		{77BF5170-A1D6-41B2-96F9-E41367CD5158}.Debug|Any CPU.ActiveCfg = Debug|Any CPU
		{77BF5170-A1D6-41B2-96F9-E41367CD5158}.Debug|Any CPU.Build.0 = Debug|Any CPU
		{77BF5170-A1D6-41B2-96F9-E41367CD5158}.Release|Any CPU.ActiveCfg = Release|Any CPU
		{77BF5170-A1D6-41B2-96F9-E41367CD5158}.Release|Any CPU.Build.0 = Release|Any CPU
		{00C27E4E-E0FB-077D-9D17-F1625ABF0D2B}.Debug|Any CPU.ActiveCfg = Debug|Any CPU
		{00C27E4E-E0FB-077D-9D17-F1625ABF0D2B}.Debug|Any CPU.Build.0 = Debug|Any CPU
		{00C27E4E-E0FB-077D-9D17-F1625ABF0D2B}.Release|Any CPU.ActiveCfg = Release|Any CPU
		{00C27E4E-E0FB-077D-9D17-F1625ABF0D2B}.Release|Any CPU.Build.0 = Release|Any CPU
		{29800776-4F76-66BF-EC93-59E840AFDCEC}.Debug|Any CPU.ActiveCfg = Debug|Any CPU
		{29800776-4F76-66BF-EC93-59E840AFDCEC}.Debug|Any CPU.Build.0 = Debug|Any CPU
		{29800776-4F76-66BF-EC93-59E840AFDCEC}.Release|Any CPU.ActiveCfg = Release|Any CPU
		{29800776-4F76-66BF-EC93-59E840AFDCEC}.Release|Any CPU.Build.0 = Release|Any CPU
		{1BF4EF14-C3E6-B483-0EDE-ED95A92A1027}.Debug|Any CPU.ActiveCfg = Debug|Any CPU
		{1BF4EF14-C3E6-B483-0EDE-ED95A92A1027}.Debug|Any CPU.Build.0 = Debug|Any CPU
		{1BF4EF14-C3E6-B483-0EDE-ED95A92A1027}.Release|Any CPU.ActiveCfg = Release|Any CPU
		{1BF4EF14-C3E6-B483-0EDE-ED95A92A1027}.Release|Any CPU.Build.0 = Release|Any CPU
		{FE7FFDA5-3483-BB10-46AD-6B24BAD97F6C}.Debug|Any CPU.ActiveCfg = Debug|Any CPU
		{FE7FFDA5-3483-BB10-46AD-6B24BAD97F6C}.Debug|Any CPU.Build.0 = Debug|Any CPU
		{FE7FFDA5-3483-BB10-46AD-6B24BAD97F6C}.Release|Any CPU.ActiveCfg = Release|Any CPU
		{FE7FFDA5-3483-BB10-46AD-6B24BAD97F6C}.Release|Any CPU.Build.0 = Release|Any CPU
	EndGlobalSection
	GlobalSection(SolutionProperties) = preSolution
		HideSolutionNode = FALSE
	EndGlobalSection
	GlobalSection(NestedProjects) = preSolution
		{43BD4B97-0D09-F2F9-AB42-F44BF4AEDF5F} = {5E69A515-9AFC-485C-B032-1A847B363243}
		{77BF5170-A1D6-41B2-96F9-E41367CD5158} = {5E69A515-9AFC-485C-B032-1A847B363243}
		{00C27E4E-E0FB-077D-9D17-F1625ABF0D2B} = {BBC2ECBA-84CC-46BD-BE37-AF14BA0896AB}
		{29800776-4F76-66BF-EC93-59E840AFDCEC} = {AE73A5E9-0CDF-4E9D-B8FE-8F1AAB44B7B5}
		{1BF4EF14-C3E6-B483-0EDE-ED95A92A1027} = {20AB8AB2-1A5C-4473-B1FC-E7C51D1BC201}
		{FE7FFDA5-3483-BB10-46AD-6B24BAD97F6C} = {02EA681E-C7D8-13C7-8484-4AC65E1B71E8}
	EndGlobalSection
	GlobalSection(ExtensibilityGlobals) = postSolution
		SolutionGuid = {E560F81E-5112-4952-B6BC-263282F98FA4}
	EndGlobalSection
EndGlobal
